{
  "version": "2",
  "remote": {
    "https://deno.land/std@0.200.0/assert/_constants.ts": "8a9da298c26750b28b326b297316cdde860bc237533b07e1337c021379e6b2a9",
    "https://deno.land/std@0.200.0/assert/_diff.ts": "1a3c044aedf77647d6cac86b798c6417603361b66b54c53331b312caeb447aea",
    "https://deno.land/std@0.200.0/assert/_format.ts": "a69126e8a469009adf4cf2a50af889aca364c349797e63174884a52ff75cf4c7",
    "https://deno.land/std@0.200.0/assert/assert.ts": "9a97dad6d98c238938e7540736b826440ad8c1c1e54430ca4c4e623e585607ee",
    "https://deno.land/std@0.200.0/assert/assert_almost_equals.ts": "e15ca1f34d0d5e0afae63b3f5d975cbd18335a132e42b0c747d282f62ad2cd6c",
    "https://deno.land/std@0.200.0/assert/assert_array_includes.ts": "6856d7f2c3544bc6e62fb4646dfefa3d1df5ff14744d1bca19f0cbaf3b0d66c9",
    "https://deno.land/std@0.200.0/assert/assert_equals.ts": "d8ec8a22447fbaf2fc9d7c3ed2e66790fdb74beae3e482855d75782218d68227",
    "https://deno.land/std@0.200.0/assert/assert_exists.ts": "407cb6b9fb23a835cd8d5ad804e2e2edbbbf3870e322d53f79e1c7a512e2efd7",
    "https://deno.land/std@0.200.0/assert/assert_false.ts": "a9962749f4bf5844e3fa494257f1de73d69e4fe0e82c34d0099287552163a2dc",
    "https://deno.land/std@0.200.0/assert/assert_instance_of.ts": "09fd297352a5b5bbb16da2b5e1a0d8c6c44da5447772648622dcc7df7af1ddb8",
    "https://deno.land/std@0.200.0/assert/assert_is_error.ts": "b4eae4e5d182272efc172bf28e2e30b86bb1650cd88aea059e5d2586d4160fb9",
    "https://deno.land/std@0.200.0/assert/assert_match.ts": "c4083f80600bc190309903c95e397a7c9257ff8b5ae5c7ef91e834704e672e9b",
    "https://deno.land/std@0.200.0/assert/assert_not_equals.ts": "9f1acab95bd1f5fc9a1b17b8027d894509a745d91bac1718fdab51dc76831754",
    "https://deno.land/std@0.200.0/assert/assert_not_instance_of.ts": "0c14d3dfd9ab7a5276ed8ed0b18c703d79a3d106102077ec437bfe7ed912bd22",
    "https://deno.land/std@0.200.0/assert/assert_not_match.ts": "3796a5b0c57a1ce6c1c57883dd4286be13a26f715ea662318ab43a8491a13ab0",
    "https://deno.land/std@0.200.0/assert/assert_not_strict_equals.ts": "ca6c6d645e95fbc873d25320efeb8c4c6089a9a5e09f92d7c1c4b6e935c2a6ad",
    "https://deno.land/std@0.200.0/assert/assert_object_match.ts": "d8fc2867cfd92eeacf9cea621e10336b666de1874a6767b5ec48988838370b54",
    "https://deno.land/std@0.200.0/assert/assert_rejects.ts": "45c59724de2701e3b1f67c391d6c71c392363635aad3f68a1b3408f9efca0057",
    "https://deno.land/std@0.200.0/assert/assert_strict_equals.ts": "b1f538a7ea5f8348aeca261d4f9ca603127c665e0f2bbfeb91fa272787c87265",
    "https://deno.land/std@0.200.0/assert/assert_string_includes.ts": "b821d39ebf5cb0200a348863c86d8c4c4b398e02012ce74ad15666fc4b631b0c",
    "https://deno.land/std@0.200.0/assert/assert_throws.ts": "63784e951475cb7bdfd59878cd25a0931e18f6dc32a6077c454b2cd94f4f4bcd",
    "https://deno.land/std@0.200.0/assert/assertion_error.ts": "4d0bde9b374dfbcbe8ac23f54f567b77024fb67dbb1906a852d67fe050d42f56",
    "https://deno.land/std@0.200.0/assert/equal.ts": "9f1a46d5993966d2596c44e5858eec821859b45f783a5ee2f7a695dfc12d8ece",
    "https://deno.land/std@0.200.0/assert/fail.ts": "c36353d7ae6e1f7933d45f8ea51e358c8c4b67d7e7502028598fe1fea062e278",
    "https://deno.land/std@0.200.0/assert/mod.ts": "08d55a652c22c5da0215054b21085cec25a5da47ce4a6f9de7d9ad36df35bdee",
    "https://deno.land/std@0.200.0/assert/unimplemented.ts": "d56fbeecb1f108331a380f72e3e010a1f161baa6956fd0f7cf3e095ae1a4c75a",
    "https://deno.land/std@0.200.0/assert/unreachable.ts": "4600dc0baf7d9c15a7f7d234f00c23bca8f3eba8b140286aaca7aa998cf9a536",
    "https://deno.land/std@0.200.0/collections/filter_values.ts": "16e1fc456a7969e770ec5b89edf5ac97b295ca534b47c1a83f061b409aad7814",
    "https://deno.land/std@0.200.0/collections/without_all.ts": "1e3cccb1ed0659455b473c0766d9414b7710d8cef48862c899f445178f66b779",
    "https://deno.land/std@0.200.0/datetime/constants.ts": "b63a6b702e06fa028fb2ffa25e0cf775e3b21cf7f38e53a6f219e9641894dfbb",
    "https://deno.land/std@0.200.0/dotenv/mod.ts": "2caa157ee5afbf74bd85bd6e8f286cb6363a1e4d10cf3376223346b33a7ea75e",
    "https://deno.land/std@0.200.0/fmt/colors.ts": "a7eecffdf3d1d54db890723b303847b6e0a1ab4b528ba6958b8f2e754cf1b3bc",
    "https://deno.land/x/discord_api_types@0.37.55/gateway/common.ts": "fb67003adda424df76c2726e0624d709c5a16e3694d6b75facd587d121fe121f",
    "https://deno.land/x/discord_api_types@0.37.55/gateway/v10.ts": "1b0fa3d040825a7aab93d6acec63d457c79c445dcc934d4f511dc2c326988ddf",
    "https://deno.land/x/discord_api_types@0.37.55/globals.ts": "7d8879654c4741ac071668ad52f2659bcdb66694cfe7da306c8437ec752807a7",
    "https://deno.land/x/discord_api_types@0.37.55/payloads/common.ts": "7c42a7965f38d82d9a425cf732ff0d4d2b5370568168d5fa41f138fd8ab4c693",
    "https://deno.land/x/discord_api_types@0.37.55/payloads/v10/_interactions/_applicationCommands/_chatInput/attachment.ts": "c66dccd54c1b84d073f2e1caa466e551b8045a84a2e8a88a1bfbc7e2c64a703d",
    "https://deno.land/x/discord_api_types@0.37.55/payloads/v10/_interactions/_applicationCommands/_chatInput/base.ts": "f6a2556e14d489e1f0e5ddeb3a0303e2603e25330530dd9263e176013c5f51eb",
    "https://deno.land/x/discord_api_types@0.37.55/payloads/v10/_interactions/_applicationCommands/_chatInput/boolean.ts": "65e29561b61785ca4ede4b1b4a88c5fc0696cfdf1fa74d5197588c196ee7ae98",
    "https://deno.land/x/discord_api_types@0.37.55/payloads/v10/_interactions/_applicationCommands/_chatInput/channel.ts": "73c7fc49de242e1ce3be958375fd810750aed83553ef3860e3cddf858f9eb464",
    "https://deno.land/x/discord_api_types@0.37.55/payloads/v10/_interactions/_applicationCommands/_chatInput/integer.ts": "a25d24a3e54d647c7039b99e3208fc0fc2228d174f6dcc421e93919b8154a011",
    "https://deno.land/x/discord_api_types@0.37.55/payloads/v10/_interactions/_applicationCommands/_chatInput/mentionable.ts": "742e42857465866e0c08b587d7fb5ccd81d4705c61ce4cd6b97ad5692e88e969",
    "https://deno.land/x/discord_api_types@0.37.55/payloads/v10/_interactions/_applicationCommands/_chatInput/number.ts": "be974ea68f5fdf55d7a7f5d3faf48a3193777d432b1aa9087afc204bcb916284",
    "https://deno.land/x/discord_api_types@0.37.55/payloads/v10/_interactions/_applicationCommands/_chatInput/role.ts": "a57114d0f7eeee4ab7cf217a865dd9dbd9096d007c556aec6185d64257100f41",
    "https://deno.land/x/discord_api_types@0.37.55/payloads/v10/_interactions/_applicationCommands/_chatInput/shared.ts": "9e2d3b3530280f6de5f9b6de1bb81e8a905998e058f784a9b041e48a96cd93d2",
    "https://deno.land/x/discord_api_types@0.37.55/payloads/v10/_interactions/_applicationCommands/_chatInput/string.ts": "33ab12dab64544a70729b9b66b5a9790964ea779f05d4ab1a1e190e7c1b59e98",
    "https://deno.land/x/discord_api_types@0.37.55/payloads/v10/_interactions/_applicationCommands/_chatInput/subcommand.ts": "0013737da6d2b54e2f413fbf31cf9c84ea51bd9204b615cb4fd19b420f856cb2",
    "https://deno.land/x/discord_api_types@0.37.55/payloads/v10/_interactions/_applicationCommands/_chatInput/subcommandGroup.ts": "db5cc701bcb3d68c094de409da39c9a2b8834dc0d5038e5f963c96e5eaf412ac",
    "https://deno.land/x/discord_api_types@0.37.55/payloads/v10/_interactions/_applicationCommands/_chatInput/user.ts": "ed2871693744298225ba53ddfb18d3e7afff20a34f413822d5b1193918aea27f",
    "https://deno.land/x/discord_api_types@0.37.55/payloads/v10/_interactions/_applicationCommands/chatInput.ts": "46362da4e56c99cc69331481330d6e95c31d5e46f4cc36ec23f03cafbb687d52",
    "https://deno.land/x/discord_api_types@0.37.55/payloads/v10/_interactions/_applicationCommands/contextMenu.ts": "89aed5f05f75d482e40259f55d0172143a90c1980d060d16545bdc14b68b29c4",
    "https://deno.land/x/discord_api_types@0.37.55/payloads/v10/_interactions/_applicationCommands/internals.ts": "5eb5ea13a1247c73c0611886dea09ab8d632a9c5555ff0f33d44cd379fd75a08",
    "https://deno.land/x/discord_api_types@0.37.55/payloads/v10/_interactions/_applicationCommands/permissions.ts": "ddca14b62e6afd418c1417117ffcc7cfb2ea5e5cc5353b4a0598435bdea45fb5",
    "https://deno.land/x/discord_api_types@0.37.55/payloads/v10/_interactions/applicationCommands.ts": "b0646f2930d38113389bd1ecf8c605ac5af8fc40f93fafd17f968150419fac14",
    "https://deno.land/x/discord_api_types@0.37.55/payloads/v10/_interactions/autocomplete.ts": "821ae50ff9845cac4b03169dbd4c4b187d8399765eb1f0d658d477c68e4c6136",
    "https://deno.land/x/discord_api_types@0.37.55/payloads/v10/_interactions/base.ts": "c839d953bf7f7912aa7202e7586d65aafb7f90d22aedd21a13586295c62f2bdf",
    "https://deno.land/x/discord_api_types@0.37.55/payloads/v10/_interactions/messageComponents.ts": "08faa77d1c1d9a33359a962b78b695304e27cb6435af319b41e9a9d3b395adb2",
    "https://deno.land/x/discord_api_types@0.37.55/payloads/v10/_interactions/modalSubmit.ts": "3a02d2d7df5bcdb1ffcd089f15e0d82ab65dcc0cefa904c6e0621f46edac041e",
    "https://deno.land/x/discord_api_types@0.37.55/payloads/v10/_interactions/ping.ts": "096ce582e9af373649fd5355cccd7424adceaffb73367b5301f1594ef5a3c264",
    "https://deno.land/x/discord_api_types@0.37.55/payloads/v10/_interactions/responses.ts": "0a607a78dd08a498c3b523a922c51ec9465021d98b3a21b7c7551524d49d70ce",
    "https://deno.land/x/discord_api_types@0.37.55/payloads/v10/application.ts": "69e8470289fcde7ec1483600540085e402a11b21cfeab2191db23dd387452ee7",
    "https://deno.land/x/discord_api_types@0.37.55/payloads/v10/auditLog.ts": "bee4a1333028c970265255c713378570cc92e92962654af68cff1125d4ea596b",
    "https://deno.land/x/discord_api_types@0.37.55/payloads/v10/autoModeration.ts": "9ccb4408f1c6392d9619fac159997e08e660080b3f9567a1619163a40329e3a2",
    "https://deno.land/x/discord_api_types@0.37.55/payloads/v10/channel.ts": "60ba55624295d4717db5330bd503cbd6c2da6dc68cb850505d4eca8ef6ac5c39",
    "https://deno.land/x/discord_api_types@0.37.55/payloads/v10/emoji.ts": "b9a30b16e1ec4dc15d6149e59aa48b02ad57a51335b7be5a7f5368db0491b3dd",
    "https://deno.land/x/discord_api_types@0.37.55/payloads/v10/gateway.ts": "4ce715fa94eadf5e2ba6adfc4a3bf99bac5d19c4787794ee1774b645a324db72",
    "https://deno.land/x/discord_api_types@0.37.55/payloads/v10/guild.ts": "536ce0d73d055290855febb556d6ffcc3308f5824887879d28f49d0e4a676fa6",
    "https://deno.land/x/discord_api_types@0.37.55/payloads/v10/guildScheduledEvent.ts": "bf506b7807501b71077751ec793e719c5515e1bb405dec5cc4371a61b03cf8b9",
    "https://deno.land/x/discord_api_types@0.37.55/payloads/v10/interactions.ts": "17dabe94016dad3d0d7fdc0aa812bf5b0b366465dd72cd0b01168880778cc60d",
    "https://deno.land/x/discord_api_types@0.37.55/payloads/v10/invite.ts": "92c09f549482a4e2ad5a3c1062debfb262c6fe4b6740581175a0b8108873ab01",
    "https://deno.land/x/discord_api_types@0.37.55/payloads/v10/mod.ts": "733090e3f67bb812dc0a3986d476e62483e88dfa0ce362d048a669b54b94c625",
    "https://deno.land/x/discord_api_types@0.37.55/payloads/v10/oauth2.ts": "dfb9f09fb44bf5faaa73ad4488ebe408905907d5fd46404895317f4e7c378489",
    "https://deno.land/x/discord_api_types@0.37.55/payloads/v10/permissions.ts": "5e7990e6dad3e35f8c130dc52de4bbf63afe5d6ad98e1c56b09da3ead94ad5a4",
    "https://deno.land/x/discord_api_types@0.37.55/payloads/v10/stageInstance.ts": "f0b9ee8c24c67298086fa32cb0595f6c29710d81b6fe85b958d48e6c549c4cb8",
    "https://deno.land/x/discord_api_types@0.37.55/payloads/v10/sticker.ts": "a917cbd294fe78dabe8414a86bdb3829491aad809b30896d7c205bd8a1c77909",
    "https://deno.land/x/discord_api_types@0.37.55/payloads/v10/teams.ts": "908ffbcb2389fdd50181e51c3147453d51a0f5c5490f3124161f904b7c240f73",
    "https://deno.land/x/discord_api_types@0.37.55/payloads/v10/template.ts": "c6bee171ed0ce61fc8b59de42541a023bdcde62718deb42325397e5c82efdc27",
    "https://deno.land/x/discord_api_types@0.37.55/payloads/v10/user.ts": "59706244399f29512688c0813ec7dbaabd2fd5f583471564ff513e87213d2d13",
    "https://deno.land/x/discord_api_types@0.37.55/payloads/v10/voice.ts": "62d03a540f2e78e5f3989f71a0ee1ec682ef7306a4fa096f89118cbd82351d47",
    "https://deno.land/x/discord_api_types@0.37.55/payloads/v10/webhook.ts": "7fc370f40a84f12a6e57ddda7cf2814f15039d6320b46979db0b49d5b91e303b",
    "https://deno.land/x/discord_api_types@0.37.55/rest/common.ts": "0bfbcf97482fe86daeb68c57885bd04a7d6504ba9037f7e533ea466825afd051",
    "https://deno.land/x/discord_api_types@0.37.55/rest/v10/application.ts": "5b44ce90cf739aac76e2f01c15a3d4a03724703695235aec4f800fdd08782ec0",
    "https://deno.land/x/discord_api_types@0.37.55/rest/v10/auditLog.ts": "39a0914b6c51445023d82c3e3e66c9866cbb3cb6774d3e7eac63414ea9bcbfec",
    "https://deno.land/x/discord_api_types@0.37.55/rest/v10/autoModeration.ts": "3d388fd9a91c34f04b5e3e1b6ffe12029fb48b511f37ff88042325ec6cbc6605",
    "https://deno.land/x/discord_api_types@0.37.55/rest/v10/channel.ts": "89b1cf6c1e23c42459093cdffa5652424029cb494d4a2c6ff3abfb7618d4b4a7",
    "https://deno.land/x/discord_api_types@0.37.55/rest/v10/emoji.ts": "9f694a1bd63886c62a87b4320f3bfa5d4f534b2d87c317d77d572d10522df3aa",
    "https://deno.land/x/discord_api_types@0.37.55/rest/v10/gateway.ts": "747cb95c9a8bca4e52423c780d5fc492fb0dab2b6015cd7e51e890e8d51acf29",
    "https://deno.land/x/discord_api_types@0.37.55/rest/v10/guild.ts": "89d448eb50f891d19034480b45bc7e038c0712a0cc9b102b524b5d1f254f5b70",
    "https://deno.land/x/discord_api_types@0.37.55/rest/v10/guildScheduledEvent.ts": "29d361f395d8cd1ecb47550615d19e10793d513cc5ad8d32895da2cc9cd0fd89",
    "https://deno.land/x/discord_api_types@0.37.55/rest/v10/interactions.ts": "2b6decdfff921b6aa8f0e6e5c61d38469a0178c5ecf1a18dd17ad6738143e662",
    "https://deno.land/x/discord_api_types@0.37.55/rest/v10/invite.ts": "28f8e740bdaa782c9d9d504049323762b5c1180348019dc5f9e0a900ec11213e",
    "https://deno.land/x/discord_api_types@0.37.55/rest/v10/mod.ts": "c926a288b4a911857e1c5a5b98c3763bf55f86cef2ae70a903a3ae6dd08229ff",
    "https://deno.land/x/discord_api_types@0.37.55/rest/v10/oauth2.ts": "b659a35654c17767480d142c46c36f5fe2544346875745e3f654c5e7c3d9f3f9",
    "https://deno.land/x/discord_api_types@0.37.55/rest/v10/stageInstance.ts": "d5d96446a0275860f136d40546bf0519d5d8d4171d03058598559df095dbf899",
    "https://deno.land/x/discord_api_types@0.37.55/rest/v10/sticker.ts": "656aae6b4263a602524098bcb09ad503a51dc09310165a575340e55d5a9c06cb",
    "https://deno.land/x/discord_api_types@0.37.55/rest/v10/template.ts": "0ad41c3c85571d3c5b0bec3914c678a21f376ec162ef0d3f1f7731a8d1d1009c",
    "https://deno.land/x/discord_api_types@0.37.55/rest/v10/user.ts": "60cfa227426c791021e9e8f769287e997477e722db5a3c577a9ec54078aaffca",
    "https://deno.land/x/discord_api_types@0.37.55/rest/v10/voice.ts": "cdbe9d6c39c8f44635d8632bf62a95b8c15877b92c56ddf69df2072bb1a74edc",
    "https://deno.land/x/discord_api_types@0.37.55/rest/v10/webhook.ts": "8d6b5eed9f46d803a8e32ed6db275fc788e65dedaf67b38ea66b675eee16a9a2",
    "https://deno.land/x/discord_api_types@0.37.55/rpc/common.ts": "a693352ffd86ae9e995fb3fbfbfd2be30896257ecb83c5611050f060b08de4ef",
    "https://deno.land/x/discord_api_types@0.37.55/rpc/v10.ts": "fbaad9f3d73fce88e76b0e52ad5345093f18077e4293937c9ec0ee24415b9a93",
    "https://deno.land/x/discord_api_types@0.37.55/utils/internals.ts": "cb70895ba89f7947c38f7fa447b0190cb14b5585be323414cda53d2ccb19b16c",
    "https://deno.land/x/discord_api_types@0.37.55/utils/v10.ts": "056bd036f8c65365ff28eb63ec6897811d51921cca6d068392dd1ca5b397ae62",
    "https://deno.land/x/discord_api_types@0.37.55/v10.ts": "f3f23492c59e77859aba5b34431edf3668c37f722d7f70c2e1ef7ba4bcda3010",
    "https://deno.land/x/ulid@v0.3.0/mod.ts": "f7ff065b66abd485051fc68af23becef6ccc7e81f7774d7fcfd894a4b2da1984",
    "https://esm.sh/tweetnacl@1.0.3": "fe5086fc2857018dc6118351ec0790016454d787af13301d65331c9a08eabb6a",
    "https://esm.sh/v125/tweetnacl@1.0.3/denonext/tweetnacl.mjs": "e3f326d197a7d2dc580dc57db86b5adb6374d9a64de2d5b6a1711612c930c1c7"
  }
}
