{
  "version": "4",
  "specifiers": {
    "jsr:@discord-applications/app@^0.0.4": "0.0.4",
    "jsr:@fartlabs/rt@^0.0.3": "0.0.3",
    "jsr:@std/assert@^1.0.11": "1.0.11",
    "jsr:@std/async@^1.0.11": "1.0.11",
    "jsr:@std/datetime@~0.225.3": "0.225.3",
    "jsr:@std/internal@^1.0.5": "1.0.5",
    "jsr:@std/ulid@1": "1.0.0",
    "npm:discord-api-types@0.37.79": "0.37.79",
    "npm:discord-api-types@~0.37.119": "0.37.119",
    "npm:tweetnacl@^1.0.3": "1.0.3"
  },
  "jsr": {
    "@discord-applications/app@0.0.4": {
      "integrity": "fa95279d13d2ad07636799d12dd637d930a6443a0d4223e9f65493a58cb47dd5",
      "dependencies": [
        "npm:discord-api-types@0.37.79",
        "npm:tweetnacl"
      ]
    },
    "@fartlabs/rt@0.0.3": {
      "integrity": "a94851f8a185f64b884120bb1d53fb203b62e8f98a27879ffa615560ef6ba806"
    },
    "@std/assert@1.0.11": {
      "integrity": "2461ef3c368fe88bc60e186e7744a93112f16fd110022e113a0849e94d1c83c1",
      "dependencies": [
        "jsr:@std/internal"
      ]
    },
    "@std/async@1.0.11": {
      "integrity": "eee0d3405275506638a9c8efaa849cf0d35873120c69b7caa1309c9a9e5b6f85"
    },
    "@std/datetime@0.225.3": {
      "integrity": "fda0b7791b43d9a46764986fec39922a8ceb70ffca642651fa7d0683501a171a"
    },
    "@std/internal@1.0.5": {
      "integrity": "54a546004f769c1ac9e025abd15a76b6671ddc9687e2313b67376125650dc7ba"
    },
    "@std/ulid@1.0.0": {
      "integrity": "d41c3d27a907714413649fee864b7cde8d42ee68437d22b79d5de4f81d808780"
    }
  },
  "npm": {
    "discord-api-types@0.37.119": {
      "integrity": "sha512-WasbGFXEB+VQWXlo6IpW3oUv73Yuau1Ig4AZF/m13tXcTKnMpc/mHjpztIlz4+BM9FG9BHQkEXiPto3bKduQUg=="
    },
    "discord-api-types@0.37.79": {
      "integrity": "sha512-jblKMZL5f9t/pfUyhHNey8Lb9yVCcBVIPxz/JTY0raAmfj7CuFXdl9m5o/+iiB7E0vv1Kz9V7Ao5HtLRc2gH1Q=="
    },
    "tweetnacl@1.0.3": {
      "integrity": "sha512-6rt+RN7aOi1nGMyC4Xa5DdYiukl2UWCbcJft7YhxReBGQD7OAM8Pbxw6YMo4r2diNEA8FEmu32YOn9rhaiE5yw=="
    }
  },
  "workspace": {
    "dependencies": [
      "jsr:@discord-applications/app@^0.0.4",
      "jsr:@fartlabs/rt@^0.0.3",
      "jsr:@std/assert@^1.0.11",
      "jsr:@std/async@^1.0.11",
      "jsr:@std/datetime@~0.225.3",
      "jsr:@std/ulid@1",
      "npm:discord-api-types@~0.37.119"
    ]
  }
}
